// !$*UTF8*$!
{
	archiveVersion = 1;
	classes = {
	};
	objectVersion = 50;
	objects = {

/* Begin PBXBuildFile section */
		FA6E6E4D29618742002DDDF0 /* AppDelegate.swift in Sources */ = {isa = PBXBuildFile; fileRef = FA6E6E4C29618742002DDDF0 /* AppDelegate.swift */; };
		FA6E6E4F29618742002DDDF0 /* SceneDelegate.swift in Sources */ = {isa = PBXBuildFile; fileRef = FA6E6E4E29618742002DDDF0 /* SceneDelegate.swift */; };
		FA6E6E5129618742002DDDF0 /* ViewController.swift in Sources */ = {isa = PBXBuildFile; fileRef = FA6E6E5029618742002DDDF0 /* ViewController.swift */; };
		FA6E6E5429618742002DDDF0 /* Main.storyboard in Resources */ = {isa = PBXBuildFile; fileRef = FA6E6E5229618742002DDDF0 /* Main.storyboard */; };
		FA6E6E5629618745002DDDF0 /* Assets.xcassets in Resources */ = {isa = PBXBuildFile; fileRef = FA6E6E5529618745002DDDF0 /* Assets.xcassets */; };
		FA6E6E5929618745002DDDF0 /* LaunchScreen.storyboard in Resources */ = {isa = PBXBuildFile; fileRef = FA6E6E5729618745002DDDF0 /* LaunchScreen.storyboard */; };
		FA6E6E6429618745002DDDF0 /* gitDemoTests.swift in Sources */ = {isa = PBXBuildFile; fileRef = FA6E6E6329618745002DDDF0 /* gitDemoTests.swift */; };
		FA6E6E6F29618745002DDDF0 /* gitDemoUITests.swift in Sources */ = {isa = PBXBuildFile; fileRef = FA6E6E6E29618745002DDDF0 /* gitDemoUITests.swift */; };
/* End PBXBuildFile section */

/* Begin PBXContainerItemProxy section */
		FA6E6E6029618745002DDDF0 /* PBXContainerItemProxy */ = {
			isa = PBXContainerItemProxy;
			containerPortal = FA6E6E4129618742002DDDF0 /* Project object */;
			proxyType = 1;
			remoteGlobalIDString = FA6E6E4829618742002DDDF0;
			remoteInfo = gitDemo;
		};
		FA6E6E6B29618745002DDDF0 /* PBXContainerItemProxy */ = {
			isa = PBXContainerItemProxy;
			containerPortal = FA6E6E4129618742002DDDF0 /* Project object */;
			proxyType = 1;
			remoteGlobalIDString = FA6E6E4829618742002DDDF0;
			remoteInfo = gitDemo;
		};
/* End PBXContainerItemProxy section */

/* Begin PBXFileReference section */
		FA6E6E4929618742002DDDF0 /* gitDemo.app */ = {isa = PBXFileReference; explicitFileType = wrapper.application; includeInIndex = 0; path = gitDemo.app; sourceTree = BUILT_PRODUCTS_DIR; };
		FA6E6E4C29618742002DDDF0 /* AppDelegate.swift */ = {isa = PBXFileReference; lastKnownFileType = sourcecode.swift; path = AppDelegate.swift; sourceTree = "<group>"; };
		FA6E6E4E29618742002DDDF0 /* SceneDelegate.swift */ = {isa = PBXFileReference; lastKnownFileType = sourcecode.swift; path = SceneDelegate.swift; sourceTree = "<group>"; };
		FA6E6E5029618742002DDDF0 /* ViewController.swift */ = {isa = PBXFileReference; lastKnownFileType = sourcecode.swift; path = ViewController.swift; sourceTree = "<group>"; };
		FA6E6E5329618742002DDDF0 /* Base */ = {isa = PBXFileReference; lastKnownFileType = file.storyboard; name = Base; path = Base.lproj/Main.storyboard; sourceTree = "<group>"; };
		FA6E6E5529618745002DDDF0 /* Assets.xcassets */ = {isa = PBXFileReference; lastKnownFileType = folder.assetcatalog; path = Assets.xcassets; sourceTree = "<group>"; };
		FA6E6E5829618745002DDDF0 /* Base */ = {isa = PBXFileReference; lastKnownFileType = file.storyboard; name = Base; path = Base.lproj/LaunchScreen.storyboard; sourceTree = "<group>"; };
		FA6E6E5A29618745002DDDF0 /* Info.plist */ = {isa = PBXFileReference; lastKnownFileType = text.plist.xml; path = Info.plist; sourceTree = "<group>"; };
		FA6E6E5F29618745002DDDF0 /* gitDemoTests.xctest */ = {isa = PBXFileReference; explicitFileType = wrapper.cfbundle; includeInIndex = 0; path = gitDemoTests.xctest; sourceTree = BUILT_PRODUCTS_DIR; };
		FA6E6E6329618745002DDDF0 /* gitDemoTests.swift */ = {isa = PBXFileReference; lastKnownFileType = sourcecode.swift; path = gitDemoTests.swift; sourceTree = "<group>"; };
		FA6E6E6529618745002DDDF0 /* Info.plist */ = {isa = PBXFileReference; lastKnownFileType = text.plist.xml; path = Info.plist; sourceTree = "<group>"; };
		FA6E6E6A29618745002DDDF0 /* gitDemoUITests.xctest */ = {isa = PBXFileReference; explicitFileType = wrapper.cfbundle; includeInIndex = 0; path = gitDemoUITests.xctest; sourceTree = BUILT_PRODUCTS_DIR; };
		FA6E6E6E29618745002DDDF0 /* gitDemoUITests.swift */ = {isa = PBXFileReference; lastKnownFileType = sourcecode.swift; path = gitDemoUITests.swift; sourceTree = "<group>"; };
		FA6E6E7029618745002DDDF0 /* Info.plist */ = {isa = PBXFileReference; lastKnownFileType = text.plist.xml; path = Info.plist; sourceTree = "<group>"; };
/* End PBXFileReference section */

/* Begin PBXFrameworksBuildPhase section */
		FA6E6E4629618742002DDDF0 /* Frameworks */ = {
			isa = PBXFrameworksBuildPhase;
			buildActionMask = 2147483647;
			files = (
			);
			runOnlyForDeploymentPostprocessing = 0;
		};
		FA6E6E5C29618745002DDDF0 /* Frameworks */ = {
			isa = PBXFrameworksBuildPhase;
			buildActionMask = 2147483647;
			files = (
			);
			runOnlyForDeploymentPostprocessing = 0;
		};
		FA6E6E6729618745002DDDF0 /* Frameworks */ = {
			isa = PBXFrameworksBuildPhase;
			buildActionMask = 2147483647;
			files = (
			);
			runOnlyForDeploymentPostprocessing = 0;
		};
/* End PBXFrameworksBuildPhase section */

/* Begin PBXGroup section */
		FA6E6E4029618742002DDDF0 = {
			isa = PBXGroup;
			children = (
				FA6E6E4B29618742002DDDF0 /* gitDemo */,
				FA6E6E6229618745002DDDF0 /* gitDemoTests */,
				FA6E6E6D29618745002DDDF0 /* gitDemoUITests */,
				FA6E6E4A29618742002DDDF0 /* Products */,
			);
			sourceTree = "<group>";
		};
		FA6E6E4A29618742002DDDF0 /* Products */ = {
			isa = PBXGroup;
			children = (
				FA6E6E4929618742002DDDF0 /* gitDemo.app */,
				FA6E6E5F29618745002DDDF0 /* gitDemoTests.xctest */,
				FA6E6E6A29618745002DDDF0 /* gitDemoUITests.xctest */,
			);
			name = Products;
			sourceTree = "<group>";
		};
		FA6E6E4B29618742002DDDF0 /* gitDemo */ = {
			isa = PBXGroup;
			children = (
				FA6E6E4C29618742002DDDF0 /* AppDelegate.swift */,
				FA6E6E4E29618742002DDDF0 /* SceneDelegate.swift */,
				FA6E6E5029618742002DDDF0 /* ViewController.swift */,
				FA6E6E5229618742002DDDF0 /* Main.storyboard */,
				FA6E6E5529618745002DDDF0 /* Assets.xcassets */,
				FA6E6E5729618745002DDDF0 /* LaunchScreen.storyboard */,
				FA6E6E5A29618745002DDDF0 /* Info.plist */,
			);
			path = gitDemo;
			sourceTree = "<group>";
		};
		FA6E6E6229618745002DDDF0 /* gitDemoTests */ = {
			isa = PBXGroup;
			children = (
				FA6E6E6329618745002DDDF0 /* gitDemoTests.swift */,
				FA6E6E6529618745002DDDF0 /* Info.plist */,
			);
			path = gitDemoTests;
			sourceTree = "<group>";
		};
		FA6E6E6D29618745002DDDF0 /* gitDemoUITests */ = {
			isa = PBXGroup;
			children = (
				FA6E6E6E29618745002DDDF0 /* gitDemoUITests.swift */,
				FA6E6E7029618745002DDDF0 /* Info.plist */,
			);
			path = gitDemoUITests;
			sourceTree = "<group>";
		};
/* End PBXGroup section */

/* Begin PBXNativeTarget section */
		FA6E6E4829618742002DDDF0 /* gitDemo */ = {
			isa = PBXNativeTarget;
			buildConfigurationList = FA6E6E7329618745002DDDF0 /* Build configuration list for PBXNativeTarget "gitDemo" */;
			buildPhases = (
				FA6E6E4529618742002DDDF0 /* Sources */,
				FA6E6E4629618742002DDDF0 /* Frameworks */,
				FA6E6E4729618742002DDDF0 /* Resources */,
			);
			buildRules = (
			);
			dependencies = (
			);
			name = gitDemo;
			productName = gitDemo;
			productReference = FA6E6E4929618742002DDDF0 /* gitDemo.app */;
			productType = "com.apple.product-type.application";
		};
		FA6E6E5E29618745002DDDF0 /* gitDemoTests */ = {
			isa = PBXNativeTarget;
			buildConfigurationList = FA6E6E7629618745002DDDF0 /* Build configuration list for PBXNativeTarget "gitDemoTests" */;
			buildPhases = (
				FA6E6E5B29618745002DDDF0 /* Sources */,
				FA6E6E5C29618745002DDDF0 /* Frameworks */,
				FA6E6E5D29618745002DDDF0 /* Resources */,
			);
			buildRules = (
			);
			dependencies = (
				FA6E6E6129618745002DDDF0 /* PBXTargetDependency */,
			);
			name = gitDemoTests;
			productName = gitDemoTests;
			productReference = FA6E6E5F29618745002DDDF0 /* gitDemoTests.xctest */;
			productType = "com.apple.product-type.bundle.unit-test";
		};
		FA6E6E6929618745002DDDF0 /* gitDemoUITests */ = {
			isa = PBXNativeTarget;
			buildConfigurationList = FA6E6E7929618745002DDDF0 /* Build configuration list for PBXNativeTarget "gitDemoUITests" */;
			buildPhases = (
				FA6E6E6629618745002DDDF0 /* Sources */,
				FA6E6E6729618745002DDDF0 /* Frameworks */,
				FA6E6E6829618745002DDDF0 /* Resources */,
			);
			buildRules = (
			);
			dependencies = (
				FA6E6E6C29618745002DDDF0 /* PBXTargetDependency */,
			);
			name = gitDemoUITests;
			productName = gitDemoUITests;
			productReference = FA6E6E6A29618745002DDDF0 /* gitDemoUITests.xctest */;
			productType = "com.apple.product-type.bundle.ui-testing";
		};
/* End PBXNativeTarget section */

/* Begin PBXProject section */
		FA6E6E4129618742002DDDF0 /* Project object */ = {
			isa = PBXProject;
			attributes = {
				LastSwiftUpdateCheck = 1240;
				LastUpgradeCheck = 1240;
				TargetAttributes = {
					FA6E6E4829618742002DDDF0 = {
						CreatedOnToolsVersion = 12.4;
					};
					FA6E6E5E29618745002DDDF0 = {
						CreatedOnToolsVersion = 12.4;
						TestTargetID = FA6E6E4829618742002DDDF0;
					};
					FA6E6E6929618745002DDDF0 = {
						CreatedOnToolsVersion = 12.4;
						TestTargetID = FA6E6E4829618742002DDDF0;
					};
				};
			};
			buildConfigurationList = FA6E6E4429618742002DDDF0 /* Build configuration list for PBXProject "gitDemo" */;
			compatibilityVersion = "Xcode 9.3";
			developmentRegion = en;
			hasScannedForEncodings = 0;
			knownRegions = (
				en,
				Base,
			);
			mainGroup = FA6E6E4029618742002DDDF0;
			productRefGroup = FA6E6E4A29618742002DDDF0 /* Products */;
			projectDirPath = "";
			projectRoot = "";
			targets = (
				FA6E6E4829618742002DDDF0 /* gitDemo */,
				FA6E6E5E29618745002DDDF0 /* gitDemoTests */,
				FA6E6E6929618745002DDDF0 /* gitDemoUITests */,
			);
		};
/* End PBXProject section */

/* Begin PBXResourcesBuildPhase section */
		FA6E6E4729618742002DDDF0 /* Resources */ = {
			isa = PBXResourcesBuildPhase;
			buildActionMask = 2147483647;
			files = (
				FA6E6E5929618745002DDDF0 /* LaunchScreen.storyboard in Resources */,
				FA6E6E5629618745002DDDF0 /* Assets.xcassets in Resources */,
				FA6E6E5429618742002DDDF0 /* Main.storyboard in Resources */,
			);
			runOnlyForDeploymentPostprocessing = 0;
		};
		FA6E6E5D29618745002DDDF0 /* Resources */ = {
			isa = PBXResourcesBuildPhase;
			buildActionMask = 2147483647;
			files = (
			);
			runOnlyForDeploymentPostprocessing = 0;
		};
		FA6E6E6829618745002DDDF0 /* Resources */ = {
			isa = PBXResourcesBuildPhase;
			buildActionMask = 2147483647;
			files = (
			);
			runOnlyForDeploymentPostprocessing = 0;
		};
/* End PBXResourcesBuildPhase section */

/* Begin PBXSourcesBuildPhase section */
		FA6E6E4529618742002DDDF0 /* Sources */ = {
			isa = PBXSourcesBuildPhase;
			buildActionMask = 2147483647;
			files = (
				FA6E6E5129618742002DDDF0 /* ViewController.swift in Sources */,
				FA6E6E4D29618742002DDDF0 /* AppDelegate.swift in Sources */,
				FA6E6E4F29618742002DDDF0 /* SceneDelegate.swift in Sources */,
			);
			runOnlyForDeploymentPostprocessing = 0;
		};
		FA6E6E5B29618745002DDDF0 /* Sources */ = {
			isa = PBXSourcesBuildPhase;
			buildActionMask = 2147483647;
			files = (
				FA6E6E6429618745002DDDF0 /* gitDemoTests.swift in Sources */,
			);
			runOnlyForDeploymentPostprocessing = 0;
		};
		FA6E6E6629618745002DDDF0 /* Sources */ = {
			isa = PBXSourcesBuildPhase;
			buildActionMask = 2147483647;
			files = (
				FA6E6E6F29618745002DDDF0 /* gitDemoUITests.swift in Sources */,
			);
			runOnlyForDeploymentPostprocessing = 0;
		};
/* End PBXSourcesBuildPhase section */

/* Begin PBXTargetDependency section */
		FA6E6E6129618745002DDDF0 /* PBXTargetDependency */ = {
			isa = PBXTargetDependency;
			target = FA6E6E4829618742002DDDF0 /* gitDemo */;
			targetProxy = FA6E6E6029618745002DDDF0 /* PBXContainerItemProxy */;
		};
		FA6E6E6C29618745002DDDF0 /* PBXTargetDependency */ = {
			isa = PBXTargetDependency;
			target = FA6E6E4829618742002DDDF0 /* gitDemo */;
			targetProxy = FA6E6E6B29618745002DDDF0 /* PBXContainerItemProxy */;
		};
/* End PBXTargetDependency section */

/* Begin PBXVariantGroup section */
		FA6E6E5229618742002DDDF0 /* Main.storyboard */ = {
			isa = PBXVariantGroup;
			children = (
				FA6E6E5329618742002DDDF0 /* Base */,
			);
			name = Main.storyboard;
			sourceTree = "<group>";
		};
		FA6E6E5729618745002DDDF0 /* LaunchScreen.storyboard */ = {
			isa = PBXVariantGroup;
			children = (
				FA6E6E5829618745002DDDF0 /* Base */,
			);
			name = LaunchScreen.storyboard;
			sourceTree = "<group>";
		};
/* End PBXVariantGroup section */

/* Begin XCBuildConfiguration section */
		FA6E6E7129618745002DDDF0 /* Debug */ = {
			isa = XCBuildConfiguration;
			buildSettings = {
				ALWAYS_SEARCH_USER_PATHS = NO;
				CLANG_ANALYZER_NONNULL = YES;
				CLANG_ANALYZER_NUMBER_OBJECT_CONVERSION = YES_AGGRESSIVE;
				CLANG_CXX_LANGUAGE_STANDARD = "gnu++14";
				CLANG_CXX_LIBRARY = "libc++";
				CLANG_ENABLE_MODULES = YES;
				CLANG_ENABLE_OBJC_ARC = YES;
				CLANG_ENABLE_OBJC_WEAK = YES;
				CLANG_WARN_BLOCK_CAPTURE_AUTORELEASING = YES;
				CLANG_WARN_BOOL_CONVERSION = YES;
				CLANG_WARN_COMMA = YES;
				CLANG_WARN_CONSTANT_CONVERSION = YES;
				CLANG_WARN_DEPRECATED_OBJC_IMPLEMENTATIONS = YES;
				CLANG_WARN_DIRECT_OBJC_ISA_USAGE = YES_ERROR;
				CLANG_WARN_DOCUMENTATION_COMMENTS = YES;
				CLANG_WARN_EMPTY_BODY = YES;
				CLANG_WARN_ENUM_CONVERSION = YES;
				CLANG_WARN_INFINITE_RECURSION = YES;
				CLANG_WARN_INT_CONVERSION = YES;
				CLANG_WARN_NON_LITERAL_NULL_CONVERSION = YES;
				CLANG_WARN_OBJC_IMPLICIT_RETAIN_SELF = YES;
				CLANG_WARN_OBJC_LITERAL_CONVERSION = YES;
				CLANG_WARN_OBJC_ROOT_CLASS = YES_ERROR;
				CLANG_WARN_QUOTED_INCLUDE_IN_FRAMEWORK_HEADER = YES;
				CLANG_WARN_RANGE_LOOP_ANALYSIS = YES;
				CLANG_WARN_STRICT_PROTOTYPES = YES;
				CLANG_WARN_SUSPICIOUS_MOVE = YES;
				CLANG_WARN_UNGUARDED_AVAILABILITY = YES_AGGRESSIVE;
				CLANG_WARN_UNREACHABLE_CODE = YES;
				CLANG_WARN__DUPLICATE_METHOD_MATCH = YES;
				COPY_PHASE_STRIP = NO;
				DEBUG_INFORMATION_FORMAT = dwarf;
				ENABLE_STRICT_OBJC_MSGSEND = YES;
				ENABLE_TESTABILITY = YES;
				GCC_C_LANGUAGE_STANDARD = gnu11;
				GCC_DYNAMIC_NO_PIC = NO;
				GCC_NO_COMMON_BLOCKS = YES;
				GCC_OPTIMIZATION_LEVEL = 0;
				GCC_PREPROCESSOR_DEFINITIONS = (
					"DEBUG=1",
					"$(inherited)",
				);
				GCC_WARN_64_TO_32_BIT_CONVERSION = YES;
				GCC_WARN_ABOUT_RETURN_TYPE = YES_ERROR;
				GCC_WARN_UNDECLARED_SELECTOR = YES;
				GCC_WARN_UNINITIALIZED_AUTOS = YES_AGGRESSIVE;
				GCC_WARN_UNUSED_FUNCTION = YES;
				GCC_WARN_UNUSED_VARIABLE = YES;
				IPHONEOS_DEPLOYMENT_TARGET = 14.4;
				MTL_ENABLE_DEBUG_INFO = INCLUDE_SOURCE;
				MTL_FAST_MATH = YES;
				ONLY_ACTIVE_ARCH = YES;
				SDKROOT = iphoneos;
				SWIFT_ACTIVE_COMPILATION_CONDITIONS = DEBUG;
				SWIFT_OPTIMIZATION_LEVEL = "-Onone";
			};
			name = Debug;
		};
		FA6E6E7229618745002DDDF0 /* Release */ = {
			isa = XCBuildConfiguration;
			buildSettings = {
				ALWAYS_SEARCH_USER_PATHS = NO;
				CLANG_ANALYZER_NONNULL = YES;
				CLANG_ANALYZER_NUMBER_OBJECT_CONVERSION = YES_AGGRESSIVE;
				CLANG_CXX_LANGUAGE_STANDARD = "gnu++14";
				CLANG_CXX_LIBRARY = "libc++";
				CLANG_ENABLE_MODULES = YES;
				CLANG_ENABLE_OBJC_ARC = YES;
				CLANG_ENABLE_OBJC_WEAK = YES;
				CLANG_WARN_BLOCK_CAPTURE_AUTORELEASING = YES;
				CLANG_WARN_BOOL_CONVERSION = YES;
				CLANG_WARN_COMMA = YES;
				CLANG_WARN_CONSTANT_CONVERSION = YES;
				CLANG_WARN_DEPRECATED_OBJC_IMPLEMENTATIONS = YES;
				CLANG_WARN_DIRECT_OBJC_ISA_USAGE = YES_ERROR;
				CLANG_WARN_DOCUMENTATION_COMMENTS = YES;
				CLANG_WARN_EMPTY_BODY = YES;
				CLANG_WARN_ENUM_CONVERSION = YES;
				CLANG_WARN_INFINITE_RECURSION = YES;
				CLANG_WARN_INT_CONVERSION = YES;
				CLANG_WARN_NON_LITERAL_NULL_CONVERSION = YES;
				CLANG_WARN_OBJC_IMPLICIT_RETAIN_SELF = YES;
				CLANG_WARN_OBJC_LITERAL_CONVERSION = YES;
				CLANG_WARN_OBJC_ROOT_CLASS = YES_ERROR;
				CLANG_WARN_QUOTED_INCLUDE_IN_FRAMEWORK_HEADER = YES;
				CLANG_WARN_RANGE_LOOP_ANALYSIS = YES;
				CLANG_WARN_STRICT_PROTOTYPES = YES;
				CLANG_WARN_SUSPICIOUS_MOVE = YES;
				CLANG_WARN_UNGUARDED_AVAILABILITY = YES_AGGRESSIVE;
				CLANG_WARN_UNREACHABLE_CODE = YES;
				CLANG_WARN__DUPLICATE_METHOD_MATCH = YES;
				COPY_PHASE_STRIP = NO;
				DEBUG_INFORMATION_FORMAT = "dwarf-with-dsym";
				ENABLE_NS_ASSERTIONS = NO;
				ENABLE_STRICT_OBJC_MSGSEND = YES;
				GCC_C_LANGUAGE_STANDARD = gnu11;
				GCC_NO_COMMON_BLOCKS = YES;
				GCC_WARN_64_TO_32_BIT_CONVERSION = YES;
				GCC_WARN_ABOUT_RETURN_TYPE = YES_ERROR;
				GCC_WARN_UNDECLARED_SELECTOR = YES;
				GCC_WARN_UNINITIALIZED_AUTOS = YES_AGGRESSIVE;
				GCC_WARN_UNUSED_FUNCTION = YES;
				GCC_WARN_UNUSED_VARIABLE = YES;
				IPHONEOS_DEPLOYMENT_TARGET = 14.4;
				MTL_ENABLE_DEBUG_INFO = NO;
				MTL_FAST_MATH = YES;
				SDKROOT = iphoneos;
				SWIFT_COMPILATION_MODE = wholemodule;
				SWIFT_OPTIMIZATION_LEVEL = "-O";
				VALIDATE_PRODUCT = YES;
			};
			name = Release;
		};
		FA6E6E7429618745002DDDF0 /* Debug */ = {
			isa = XCBuildConfiguration;
			buildSettings = {
				ASSETCATALOG_COMPILER_APPICON_NAME = AppIcon;
				ASSETCATALOG_COMPILER_GLOBAL_ACCENT_COLOR_NAME = AccentColor;
				CODE_SIGN_STYLE = Automatic;
				DEVELOPMENT_TEAM = 6HHGSTVCVX;
				INFOPLIST_FILE = gitDemo/Info.plist;
				LD_RUNPATH_SEARCH_PATHS = (
					"$(inherited)",
					"@executable_path/Frameworks",
				);
				PRODUCT_BUNDLE_IDENTIFIER = com.Mairaj.gitDemo;
				PRODUCT_NAME = "$(TARGET_NAME)";
				SWIFT_VERSION = 5.0;
				TARGETED_DEVICE_FAMILY = "1,2";
			};
			name = Debug;
		};
		FA6E6E7529618745002DDDF0 /* Release */ = {
			isa = XCBuildConfiguration;
			buildSettings = {
				ASSETCATALOG_COMPILER_APPICON_NAME = AppIcon;
				ASSETCATALOG_COMPILER_GLOBAL_ACCENT_COLOR_NAME = AccentColor;
				CODE_SIGN_STYLE = Automatic;
				DEVELOPMENT_TEAM = 6HHGSTVCVX;
				INFOPLIST_FILE = gitDemo/Info.plist;
				LD_RUNPATH_SEARCH_PATHS = (
					"$(inherited)",
					"@executable_path/Frameworks",
				);
				PRODUCT_BUNDLE_IDENTIFIER = com.Mairaj.gitDemo;
				PRODUCT_NAME = "$(TARGET_NAME)";
				SWIFT_VERSION = 5.0;
				TARGETED_DEVICE_FAMILY = "1,2";
			};
			name = Release;
		};
		FA6E6E7729618745002DDDF0 /* Debug */ = {
			isa = XCBuildConfiguration;
			buildSettings = {
				ALWAYS_EMBED_SWIFT_STANDARD_LIBRARIES = YES;
				BUNDLE_LOADER = "$(TEST_HOST)";
				CODE_SIGN_STYLE = Automatic;
				DEVELOPMENT_TEAM = 6HHGSTVCVX;
				INFOPLIST_FILE = gitDemoTests/Info.plist;
				IPHONEOS_DEPLOYMENT_TARGET = 14.4;
				LD_RUNPATH_SEARCH_PATHS = (
					"$(inherited)",
					"@executable_path/Frameworks",
					"@loader_path/Frameworks",
				);
				PRODUCT_BUNDLE_IDENTIFIER = com.Mairaj.gitDemoTests;
				PRODUCT_NAME = "$(TARGET_NAME)";
				SWIFT_VERSION = 5.0;
				TARGETED_DEVICE_FAMILY = "1,2";
				TEST_HOST = "$(BUILT_PRODUCTS_DIR)/gitDemo.app/gitDemo";
			};
			name = Debug;
		};
		FA6E6E7829618745002DDDF0 /* Release */ = {
			isa = XCBuildConfiguration;
			buildSettings = {
				ALWAYS_EMBED_SWIFT_STANDARD_LIBRARIES = YES;
				BUNDLE_LOADER = "$(TEST_HOST)";
				CODE_SIGN_STYLE = Automatic;
				DEVELOPMENT_TEAM = 6HHGSTVCVX;
				INFOPLIST_FILE = gitDemoTests/Info.plist;
				IPHONEOS_DEPLOYMENT_TARGET = 14.4;
				LD_RUNPATH_SEARCH_PATHS = (
					"$(inherited)",
					"@executable_path/Frameworks",
					"@loader_path/Frameworks",
				);
				PRODUCT_BUNDLE_IDENTIFIER = com.Mairaj.gitDemoTests;
				PRODUCT_NAME = "$(TARGET_NAME)";
				SWIFT_VERSION = 5.0;
				TARGETED_DEVICE_FAMILY = "1,2";
				TEST_HOST = "$(BUILT_PRODUCTS_DIR)/gitDemo.app/gitDemo";
			};
			name = Release;
		};
		FA6E6E7A29618745002DDDF0 /* Debug */ = {
			isa = XCBuildConfiguration;
			buildSettings = {
				ALWAYS_EMBED_SWIFT_STANDARD_LIBRARIES = YES;
				CODE_SIGN_STYLE = Automatic;
				DEVELOPMENT_TEAM = 6HHGSTVCVX;
				INFOPLIST_FILE = gitDemoUITests/Info.plist;
				LD_RUNPATH_SEARCH_PATHS = (
					"$(inherited)",
					"@executable_path/Frameworks",
					"@loader_path/Frameworks",
				);
				PRODUCT_BUNDLE_IDENTIFIER = com.Mairaj.gitDemoUITests;
				PRODUCT_NAME = "$(TARGET_NAME)";
				SWIFT_VERSION = 5.0;
				TARGETED_DEVICE_FAMILY = "1,2";
				TEST_TARGET_NAME = gitDemo;
			};
			name = Debug;
		};
		FA6E6E7B29618745002DDDF0 /* Release */ = {
			isa = XCBuildConfiguration;
			buildSettings = {
				ALWAYS_EMBED_SWIFT_STANDARD_LIBRARIES = YES;
				CODE_SIGN_STYLE = Automatic;
				DEVELOPMENT_TEAM = 6HHGSTVCVX;
				INFOPLIST_FILE = gitDemoUITests/Info.plist;
				LD_RUNPATH_SEARCH_PATHS = (
					"$(inherited)",
					"@executable_path/Frameworks",
					"@loader_path/Frameworks",
				);
				PRODUCT_BUNDLE_IDENTIFIER = com.Mairaj.gitDemoUITests;
				PRODUCT_NAME = "$(TARGET_NAME)";
				SWIFT_VERSION = 5.0;
				TARGETED_DEVICE_FAMILY = "1,2";
				TEST_TARGET_NAME = gitDemo;
			};
			name = Release;
		};
/* End XCBuildConfiguration section */

/* Begin XCConfigurationList section */
		FA6E6E4429618742002DDDF0 /* Build configuration list for PBXProject "gitDemo" */ = {
			isa = XCConfigurationList;
			buildConfigurations = (
				FA6E6E7129618745002DDDF0 /* Debug */,
				FA6E6E7229618745002DDDF0 /* Release */,
			);
			defaultConfigurationIsVisible = 0;
			defaultConfigurationName = Release;
		};
		FA6E6E7329618745002DDDF0 /* Build configuration list for PBXNativeTarget "gitDemo" */ = {
			isa = XCConfigurationList;
			buildConfigurations = (
				FA6E6E7429618745002DDDF0 /* Debug */,
				FA6E6E7529618745002DDDF0 /* Release */,
			);
			defaultConfigurationIsVisible = 0;
			defaultConfigurationName = Release;
		};
		FA6E6E7629618745002DDDF0 /* Build configuration list for PBXNativeTarget "gitDemoTests" */ = {
			isa = XCConfigurationList;
			buildConfigurations = (
				FA6E6E7729618745002DDDF0 /* Debug */,
				FA6E6E7829618745002DDDF0 /* Release */,
			);
			defaultConfigurationIsVisible = 0;
			defaultConfigurationName = Release;
		};
		FA6E6E7929618745002DDDF0 /* Build configuration list for PBXNativeTarget "gitDemoUITests" */ = {
			isa = XCConfigurationList;
			buildConfigurations = (
				FA6E6E7A29618745002DDDF0 /* Debug */,
				FA6E6E7B29618745002DDDF0 /* Release */,
			);
			defaultConfigurationIsVisible = 0;
			defaultConfigurationName = Release;
		};
/* End XCConfigurationList section */
	};
	rootObject = FA6E6E4129618742002DDDF0 /* Project object */;
}
